<?xml version="1.0" encoding="utf-8"?>
<Project ToolsVersion="4.0" xmlns="http://schemas.microsoft.com/developer/msbuild/2003">
  <ItemGroup>
    <ClCompile Include="src\ECS\Engine.cpp" />
    <ClCompile Include="src\ECS\EntityFactory.cpp" />
    <ClCompile Include="src\ECS\TypeMapper.cpp" />
    <ClCompile Include="src\Misc\Physics\Mesh\Plane.cpp" />
    <ClCompile Include="src\Misc\Physics\BoundingSphere.cpp" />
    <ClCompile Include="src\Misc\Physics\Collider.cpp" />
    <ClCompile Include="src\Misc\Physics\PhysicsObject.cpp" />
    <ClCompile Include="src\Misc\Physics\PhysicsEngine.cpp" />
    <ClCompile Include="src\Misc\Physics\Mesh\AABB.cpp" />
    <ClCompile Include="src\Main\Camera\Camera.cpp" />
    <ClCompile Include="src\Main\Keyboard\Keyboard.cpp" />
    <ClCompile Include="src\Vars\GameTime.cpp" />
    <ClCompile Include="src\Misc\Physics\RigidBody.cpp" />
    <ClCompile Include="src\Vars\Quaternion\Quaternion.cpp" />
    <ClCompile Include="src\Vars\Matrix\Matrix.cpp" />
    <ClCompile Include="src\Main\Player\Player.cpp" />
    <ClCompile Include="src\Misc\Lights\Lightning.cpp" />
    <ClCompile Include="src\Vars\dL\DisplayList.cpp" />
    <ClCompile Include="src\Vars\Object.cpp" />
    <ClCompile Include="src\Misc\GLM\glm.cpp" />
    <ClCompile Include="src\Misc\RenderText.cpp" />
    <ClCompile Include="src\Misc\Axis.cpp" />
    <ClCompile Include="src\Main\Game.cpp" />
    <ClCompile Include="src\main.cpp" />
    <ClCompile Include="src\Main\Camera\MultyPurposeCamera.cpp" />
    <ClCompile Include="src\Misc\imageloader.cpp" />
    <ClCompile Include="src\Main\MainMenu.cpp" />
    <ClCompile Include="src\LoadTGAs\TGALoader.cpp" />
    <ClCompile Include="src\Main\Camera\SimpleCamera.cpp" />
    <ClCompile Include="src\Main\Space\Comet.cpp" />
    <ClCompile Include="src\Main\Space\Planets\Moon.cpp" />
    <ClCompile Include="src\Main\Space\Planets\Planet.cpp" />
    <ClCompile Include="src\Main\Space\Planets\SolarSystem.cpp" />
  </ItemGroup>
  <ItemGroup>
    <ClInclude Include="src\ECS\Component.h" />
    <ClInclude Include="src\ECS\Engine.h" />
    <ClInclude Include="src\ECS\Entity.h" />
    <ClInclude Include="src\ECS\EntityFactory.h" />
    <ClInclude Include="src\ECS\System.h" />
    <ClInclude Include="src\ECS\TypeMapper.h" />
    <ClInclude Include="src\Misc\Debug\IO.h" />
    <ClInclude Include="src\Misc\Physics\Mesh\Plane.h" />
    <ClInclude Include="src\Misc\Physics\BoundingSphere.h" />
    <ClInclude Include="src\Misc\Physics\Collider.h" />
    <ClInclude Include="src\Misc\Physics\PhysicsObject.h" />
    <ClInclude Include="src\Main\ReferenceCounter.h" />
    <ClInclude Include="src\Misc\Physics\PhysicsEngine.h" />
    <ClInclude Include="src\Misc\Physics\Mesh\AABB.h" />
    <ClInclude Include="src\Main\Camera\Camera.h" />
    <ClInclude Include="src\Main\Keyboard\Keyboard.h" />
    <ClInclude Include="src\Misc\Physics\IntersectData.h" />
    <ClInclude Include="src\Vars\GameTime.h" />
    <ClInclude Include="src\Misc\Physics\Mesh\BoxShape.h" />
    <ClInclude Include="src\Misc\Physics\RigidBody.h" />
    <ClInclude Include="src\Vars\Quaternion\Quaternion.h" />
    <ClInclude Include="src\Vars\Matrix\Matrix.h" />
    <ClInclude Include="src\Main\Player\Player.h" />
    <ClInclude Include="src\Misc\Lights\Lightning.h" />
    <ClInclude Include="src\Vars\dL\DisplayList.h" />
    <ClInclude Include="src\Vars\Object.h" />
    <ClInclude Include="src\Misc\GLM\glm.h" />
    <ClInclude Include="src\Misc\RenderText.h" />
    <ClInclude Include="src\Misc\Axis.h" />
    <ClInclude Include="src\Main\Game.h" />
    <ClInclude Include="src\Vars\MathHelper.h" />
    <ClInclude Include="src\Vars\vec3f.h" />
    <ClInclude Include="src\Main\Camera\MultiPurposeCamera.h" />
    <ClInclude Include="src\Misc\imageloader.h" />
    <ClInclude Include="src\Main\MainMenu.h" />
    <ClInclude Include="src\LoadTGAs\Texture.h" />
    <ClInclude Include="src\LoadTGAs\Tga.h" />
    <ClInclude Include="src\Main\LoadBMP.h" />
    <ClInclude Include="src\Main\UniverseSimulator.h" />
    <ClInclude Include="src\Main\List.h" />
    <ClInclude Include="src\Main\Camera\SimpleCamera.h" />
    <ClInclude Include="src\Main\Space\Comet.h" />
    <ClInclude Include="src\Main\Space\Planets\Moon.h" />
    <ClInclude Include="src\Main\Space\Planets\Planet.h" />
    <ClInclude Include="src\Main\Space\Planets\SolarSystem.h" />
    <ClInclude Include="src\Main\Space\Planets\Universe.h" />
  </ItemGroup>
</Project>